
Microsoft Visual Studio Solution File, Format Version 12.00
# Visual Studio Version 17
VisualStudioVersion = 17.11.35222.181
MinimumVisualStudioVersion = 10.0.40219.1
Project("{2150E333-8FDC-42A3-9474-1A3956D46DE8}") = "Demo_UnitTest", "Demo_UnitTest", "{69DF2E8A-F41B-4E57-88A4-4696DA534740}"
EndProject
Project("{2150E333-8FDC-42A3-9474-1A3956D46DE8}") = "Demo_TryParse", "Demo_TryParse", "{6B197283-457C-43DD-9E60-A1785C78405A}"
EndProject
Project("{2150E333-8FDC-42A3-9474-1A3956D46DE8}") = "Exercise", "Exercise", "{7C8FF79F-B773-47CB-8FCB-2C5E0FB6CAF9}"
EndProject
Project("{9A19103F-16F7-4668-BE54-9A1E7A4F7556}") = "Exercise", "Exercise\Exercise.csproj", "{DECAFD22-44ED-4738-B522-11327AC3846D}"
EndProject
Project("{2150E333-8FDC-42A3-9474-1A3956D46DE8}") = "Demo_ConsoleApps", "Demo_ConsoleApps", "{C8AE8CBD-5597-4F61-B399-141D219AB433}"
EndProject
Project("{FAE04EC0-301F-11D3-BF4B-00C04F79EFBC}") = "Demo_ConsoleApp1", "Demo_ConsoleApp1\Demo_ConsoleApp1.csproj", "{CBEFB53E-F261-4792-B6C2-8A74CE79163F}"
EndProject
Project("{FAE04EC0-301F-11D3-BF4B-00C04F79EFBC}") = "Demo_ConsoleApp2", "Demo_ConsoleApp2\Demo_ConsoleApp2.csproj", "{02C3C579-3697-4067-83E4-62D7F7EE0F74}"
EndProject
Project("{2150E333-8FDC-42A3-9474-1A3956D46DE8}") = "Demo_Properties", "Demo_Properties", "{EF2C4BDD-4D5B-4CEE-B605-9F5E15207780}"
EndProject
Project("{FAE04EC0-301F-11D3-BF4B-00C04F79EFBC}") = "Demo_AutoImplemented", "Demo_AutoImplemented\Demo_AutoImplemented.csproj", "{103768AA-6631-4993-9E1B-7DDC0D92D97C}"
EndProject
Project("{FAE04EC0-301F-11D3-BF4B-00C04F79EFBC}") = "Demo_Full", "Demo_Full\Demo_Full.csproj", "{B3DFAD63-7953-4BF2-827B-48B5E4CBA70E}"
EndProject
Project("{2150E333-8FDC-42A3-9474-1A3956D46DE8}") = "Exercise_DomainModelToCsharp", "Exercise_DomainModelToCsharp", "{AF64742F-412F-4522-9F67-FB5162A10EE2}"
EndProject
Project("{FAE04EC0-301F-11D3-BF4B-00C04F79EFBC}") = "Exercise_DomainModelToCsharp", "Exercise_DomainModelToCsharp\Exercise_DomainModelToCsharp.csproj", "{12D9391D-BC68-4800-A8C9-53AB9A15DD43}"
EndProject
Project("{2150E333-8FDC-42A3-9474-1A3956D46DE8}") = "Exercise_ObjectInitialization", "Exercise_ObjectInitialization", "{FFB55228-F9AD-4DD2-B65E-85FD435FBC16}"
EndProject
Project("{FAE04EC0-301F-11D3-BF4B-00C04F79EFBC}") = "Exercise_ObjectInitialization", "Exercise_ObjectInitialization\Exercise_ObjectInitialization.csproj", "{EA17719C-5B94-4758-81D8-0B127B148422}"
EndProject
Project("{FAE04EC0-301F-11D3-BF4B-00C04F79EFBC}") = "Demo_HelpCode", "Demo_HelpCode\Demo_HelpCode.csproj", "{55257590-54A8-4069-8318-1ED41F16D05A}"
EndProject
Project("{2150E333-8FDC-42A3-9474-1A3956D46DE8}") = "Exercise_JavaToCsharp", "Exercise_JavaToCsharp", "{70A0E04A-3B4C-4B76-BB71-4CCB3479E714}"
EndProject
Project("{FAE04EC0-301F-11D3-BF4B-00C04F79EFBC}") = "Exercise_JavaToCsharp", "Exercise_JavaToCsharp\Exercise_JavaToCsharp.csproj", "{0EE00C5F-C79D-4A11-AF69-1D9C3933F8D6}"
EndProject
Global
	GlobalSection(SolutionConfigurationPlatforms) = preSolution
		Debug|Any CPU = Debug|Any CPU
		Release|Any CPU = Release|Any CPU
	EndGlobalSection
	GlobalSection(ProjectConfigurationPlatforms) = postSolution
		{DECAFD22-44ED-4738-B522-11327AC3846D}.Debug|Any CPU.ActiveCfg = Debug|Any CPU
		{DECAFD22-44ED-4738-B522-11327AC3846D}.Debug|Any CPU.Build.0 = Debug|Any CPU
		{DECAFD22-44ED-4738-B522-11327AC3846D}.Release|Any CPU.ActiveCfg = Release|Any CPU
		{DECAFD22-44ED-4738-B522-11327AC3846D}.Release|Any CPU.Build.0 = Release|Any CPU
		{CBEFB53E-F261-4792-B6C2-8A74CE79163F}.Debug|Any CPU.ActiveCfg = Debug|Any CPU
		{CBEFB53E-F261-4792-B6C2-8A74CE79163F}.Debug|Any CPU.Build.0 = Debug|Any CPU
		{CBEFB53E-F261-4792-B6C2-8A74CE79163F}.Release|Any CPU.ActiveCfg = Release|Any CPU
		{CBEFB53E-F261-4792-B6C2-8A74CE79163F}.Release|Any CPU.Build.0 = Release|Any CPU
		{02C3C579-3697-4067-83E4-62D7F7EE0F74}.Debug|Any CPU.ActiveCfg = Debug|Any CPU
		{02C3C579-3697-4067-83E4-62D7F7EE0F74}.Debug|Any CPU.Build.0 = Debug|Any CPU
		{02C3C579-3697-4067-83E4-62D7F7EE0F74}.Release|Any CPU.ActiveCfg = Release|Any CPU
		{02C3C579-3697-4067-83E4-62D7F7EE0F74}.Release|Any CPU.Build.0 = Release|Any CPU
		{103768AA-6631-4993-9E1B-7DDC0D92D97C}.Debug|Any CPU.ActiveCfg = Debug|Any CPU
		{103768AA-6631-4993-9E1B-7DDC0D92D97C}.Debug|Any CPU.Build.0 = Debug|Any CPU
		{103768AA-6631-4993-9E1B-7DDC0D92D97C}.Release|Any CPU.ActiveCfg = Release|Any CPU
		{103768AA-6631-4993-9E1B-7DDC0D92D97C}.Release|Any CPU.Build.0 = Release|Any CPU
		{B3DFAD63-7953-4BF2-827B-48B5E4CBA70E}.Debug|Any CPU.ActiveCfg = Debug|Any CPU
		{B3DFAD63-7953-4BF2-827B-48B5E4CBA70E}.Debug|Any CPU.Build.0 = Debug|Any CPU
		{B3DFAD63-7953-4BF2-827B-48B5E4CBA70E}.Release|Any CPU.ActiveCfg = Release|Any CPU
		{B3DFAD63-7953-4BF2-827B-48B5E4CBA70E}.Release|Any CPU.Build.0 = Release|Any CPU
		{12D9391D-BC68-4800-A8C9-53AB9A15DD43}.Debug|Any CPU.ActiveCfg = Debug|Any CPU
		{12D9391D-BC68-4800-A8C9-53AB9A15DD43}.Debug|Any CPU.Build.0 = Debug|Any CPU
		{12D9391D-BC68-4800-A8C9-53AB9A15DD43}.Release|Any CPU.ActiveCfg = Release|Any CPU
		{12D9391D-BC68-4800-A8C9-53AB9A15DD43}.Release|Any CPU.Build.0 = Release|Any CPU
		{EA17719C-5B94-4758-81D8-0B127B148422}.Debug|Any CPU.ActiveCfg = Debug|Any CPU
		{EA17719C-5B94-4758-81D8-0B127B148422}.Debug|Any CPU.Build.0 = Debug|Any CPU
		{EA17719C-5B94-4758-81D8-0B127B148422}.Release|Any CPU.ActiveCfg = Release|Any CPU
		{EA17719C-5B94-4758-81D8-0B127B148422}.Release|Any CPU.Build.0 = Release|Any CPU
		{55257590-54A8-4069-8318-1ED41F16D05A}.Debug|Any CPU.ActiveCfg = Debug|Any CPU
		{55257590-54A8-4069-8318-1ED41F16D05A}.Debug|Any CPU.Build.0 = Debug|Any CPU
		{55257590-54A8-4069-8318-1ED41F16D05A}.Release|Any CPU.ActiveCfg = Release|Any CPU
		{55257590-54A8-4069-8318-1ED41F16D05A}.Release|Any CPU.Build.0 = Release|Any CPU
		{0EE00C5F-C79D-4A11-AF69-1D9C3933F8D6}.Debug|Any CPU.ActiveCfg = Debug|Any CPU
		{0EE00C5F-C79D-4A11-AF69-1D9C3933F8D6}.Debug|Any CPU.Build.0 = Debug|Any CPU
		{0EE00C5F-C79D-4A11-AF69-1D9C3933F8D6}.Release|Any CPU.ActiveCfg = Release|Any CPU
		{0EE00C5F-C79D-4A11-AF69-1D9C3933F8D6}.Release|Any CPU.Build.0 = Release|Any CPU
	EndGlobalSection
	GlobalSection(SolutionProperties) = preSolution
		HideSolutionNode = FALSE
	EndGlobalSection
	GlobalSection(NestedProjects) = preSolution
		{DECAFD22-44ED-4738-B522-11327AC3846D} = {7C8FF79F-B773-47CB-8FCB-2C5E0FB6CAF9}
		{CBEFB53E-F261-4792-B6C2-8A74CE79163F} = {C8AE8CBD-5597-4F61-B399-141D219AB433}
		{02C3C579-3697-4067-83E4-62D7F7EE0F74} = {C8AE8CBD-5597-4F61-B399-141D219AB433}
		{103768AA-6631-4993-9E1B-7DDC0D92D97C} = {EF2C4BDD-4D5B-4CEE-B605-9F5E15207780}
		{B3DFAD63-7953-4BF2-827B-48B5E4CBA70E} = {EF2C4BDD-4D5B-4CEE-B605-9F5E15207780}
		{12D9391D-BC68-4800-A8C9-53AB9A15DD43} = {AF64742F-412F-4522-9F67-FB5162A10EE2}
		{EA17719C-5B94-4758-81D8-0B127B148422} = {FFB55228-F9AD-4DD2-B65E-85FD435FBC16}
		{55257590-54A8-4069-8318-1ED41F16D05A} = {C8AE8CBD-5597-4F61-B399-141D219AB433}
		{0EE00C5F-C79D-4A11-AF69-1D9C3933F8D6} = {70A0E04A-3B4C-4B76-BB71-4CCB3479E714}
	EndGlobalSection
	GlobalSection(ExtensibilityGlobals) = postSolution
		SolutionGuid = {648BE6D2-74D1-4517-94AE-FF30B3A66797}
	EndGlobalSection
EndGlobal
