
Microsoft Visual Studio Solution File, Format Version 12.00
# Visual Studio Version 17
VisualStudioVersion = 17.11.35222.181
MinimumVisualStudioVersion = 10.0.40219.1
Project("{2150E333-8FDC-42A3-9474-1A3956D46DE8}") = "Demo_UnitTest", "Demo_UnitTest", "{69DF2E8A-F41B-4E57-88A4-4696DA534740}"
EndProject
Project("{2150E333-8FDC-42A3-9474-1A3956D46DE8}") = "Demo_TryParse", "Demo_TryParse", "{6B197283-457C-43DD-9E60-A1785C78405A}"
EndProject
Project("{2150E333-8FDC-42A3-9474-1A3956D46DE8}") = "Exercise", "Exercise", "{7C8FF79F-B773-47CB-8FCB-2C5E0FB6CAF9}"
EndProject
Project("{9A19103F-16F7-4668-BE54-9A1E7A4F7556}") = "Exercise", "Exercise\Exercise.csproj", "{DECAFD22-44ED-4738-B522-11327AC3846D}"
EndProject
Project("{2150E333-8FDC-42A3-9474-1A3956D46DE8}") = "Demo_ConsoleApps", "Demo_ConsoleApps", "{C8AE8CBD-5597-4F61-B399-141D219AB433}"
EndProject
Project("{9A19103F-16F7-4668-BE54-9A1E7A4F7556}") = "Demo_ConsoleApp1", "Demo_ConsoleApp1\Demo_ConsoleApp1.csproj", "{CBEFB53E-F261-4792-B6C2-8A74CE79163F}"
EndProject
Project("{9A19103F-16F7-4668-BE54-9A1E7A4F7556}") = "Demo_ConsoleApp2", "Demo_ConsoleApp2\Demo_ConsoleApp2.csproj", "{02C3C579-3697-4067-83E4-62D7F7EE0F74}"
EndProject
Project("{2150E333-8FDC-42A3-9474-1A3956D46DE8}") = "Demo_Properties", "Demo_Properties", "{EF2C4BDD-4D5B-4CEE-B605-9F5E15207780}"
EndProject
Project("{9A19103F-16F7-4668-BE54-9A1E7A4F7556}") = "Demo_AutoImplemented", "Demo_AutoImplemented\Demo_AutoImplemented.csproj", "{103768AA-6631-4993-9E1B-7DDC0D92D97C}"
EndProject
Project("{9A19103F-16F7-4668-BE54-9A1E7A4F7556}") = "Demo_Full", "Demo_Full\Demo_Full.csproj", "{B3DFAD63-7953-4BF2-827B-48B5E4CBA70E}"
EndProject
Project("{2150E333-8FDC-42A3-9474-1A3956D46DE8}") = "Exercise_DomainModelToCsharp", "Exercise_DomainModelToCsharp", "{AF64742F-412F-4522-9F67-FB5162A10EE2}"
EndProject
Project("{9A19103F-16F7-4668-BE54-9A1E7A4F7556}") = "Exercise_DomainModelToCsharp", "Exercise_DomainModelToCsharp\Exercise_DomainModelToCsharp.csproj", "{12D9391D-BC68-4800-A8C9-53AB9A15DD43}"
EndProject
Project("{2150E333-8FDC-42A3-9474-1A3956D46DE8}") = "Exercise_ObjectInitialization", "Exercise_ObjectInitialization", "{FFB55228-F9AD-4DD2-B65E-85FD435FBC16}"
EndProject
Project("{9A19103F-16F7-4668-BE54-9A1E7A4F7556}") = "Exercise_ObjectInitialization", "Exercise_ObjectInitialization\Exercise_ObjectInitialization.csproj", "{EA17719C-5B94-4758-81D8-0B127B148422}"
EndProject
Project("{9A19103F-16F7-4668-BE54-9A1E7A4F7556}") = "Demo_HelpCode", "Demo_HelpCode\Demo_HelpCode.csproj", "{55257590-54A8-4069-8318-1ED41F16D05A}"
EndProject
Project("{2150E333-8FDC-42A3-9474-1A3956D46DE8}") = "Exercise_JavaToCsharp", "Exercise_JavaToCsharp", "{70A0E04A-3B4C-4B76-BB71-4CCB3479E714}"
EndProject
Project("{9A19103F-16F7-4668-BE54-9A1E7A4F7556}") = "Exercise_JavaToCsharp", "Exercise_JavaToCsharp\Exercise_JavaToCsharp.csproj", "{0EE00C5F-C79D-4A11-AF69-1D9C3933F8D6}"
EndProject
Project("{9A19103F-16F7-4668-BE54-9A1E7A4F7556}") = "Exercise_JavaToCsharp2", "Exercise_JavaToCsharp2\Exercise_JavaToCsharp2.csproj", "{0197A99E-990C-4DA8-9C36-ECE757361655}"
EndProject
Project("{9A19103F-16F7-4668-BE54-9A1E7A4F7556}") = "Exercise_JavaToCsharp3", "Exercise_JavaToCsharp3\Exercise_JavaToCsharp3.csproj", "{BE5C4186-D0B1-40C0-B564-2B39F474795A}"
EndProject
Project("{9A19103F-16F7-4668-BE54-9A1E7A4F7556}") = "Exercise_JavaToCsharp3_Model", "Exercise_JavaToCsharp3_Model\Exercise_JavaToCsharp3_Model.csproj", "{7AC45D0C-FE78-4DC6-A679-41D8C098D9F7}"
EndProject
Project("{9A19103F-16F7-4668-BE54-9A1E7A4F7556}") = "Demo_TryParse", "Demo_TryParse\Demo_TryParse.csproj", "{3DB7BED1-20BD-4F01-B245-5949CBC5912E}"
EndProject
Project("{9A19103F-16F7-4668-BE54-9A1E7A4F7556}") = "Demo_TryEnum", "Demo_TryEnum\Demo_TryEnum.csproj", "{48967DAB-8EBB-4D7D-BEA5-6CDF970BB632}"
EndProject
Project("{9A19103F-16F7-4668-BE54-9A1E7A4F7556}") = "Demo_UnitTest_Grades", "Demo_UnitTest_Grades\Demo_UnitTest_Grades.csproj", "{30B6477F-2264-470B-9CEA-EF9BA117EFDC}"
EndProject
Project("{9A19103F-16F7-4668-BE54-9A1E7A4F7556}") = "Demo_UnitTest_Grades.Tests", "Demo_UnitTest_Grades.Tests\Demo_UnitTest_Grades.Tests.csproj", "{65728FB9-A30A-484E-9DCD-CFD437C67674}"
EndProject
Project("{2150E333-8FDC-42A3-9474-1A3956D46DE8}") = "Demo_GenericsWithConstraints", "Demo_GenericsWithConstraints", "{9E3C2EC6-718D-47D2-ABF9-83D669586CC1}"
EndProject
Project("{9A19103F-16F7-4668-BE54-9A1E7A4F7556}") = "Demo_GenericsWithConstraints", "Demo_GenericsWithConstraints\Demo_GenericsWithConstraints.csproj", "{B202A2BC-0382-4E77-BE91-75DC0CF25D55}"
EndProject
Project("{2150E333-8FDC-42A3-9474-1A3956D46DE8}") = "Demo_MethodSpecial", "Demo_MethodSpecial", "{8D8E0062-4DBC-4FC9-976E-46C774854EB7}"
EndProject
Project("{9A19103F-16F7-4668-BE54-9A1E7A4F7556}") = "Demo_MethodSpecial_SpecialSignature", "Demo_MethodSpecial_SpecialSignature\Demo_MethodSpecial_SpecialSignature.csproj", "{472CBCEE-507E-425B-B01F-56AAFC6BEE69}"
EndProject
Project("{9A19103F-16F7-4668-BE54-9A1E7A4F7556}") = "Demo_MethodSpecial_AbstractVirtual", "Demo_MethodSpecial_AbstractVirtual\Demo_MethodSpecial_AbstractVirtual.csproj", "{945836BE-4D6F-4CF7-A5AE-0E1534F34D77}"
EndProject
Project("{2150E333-8FDC-42A3-9474-1A3956D46DE8}") = "Exercise_InterfacesAndLists", "Exercise_InterfacesAndLists", "{12F242E6-828A-4200-B374-1B44D9404A55}"
EndProject
Project("{9A19103F-16F7-4668-BE54-9A1E7A4F7556}") = "Exercise_InterfacesAndLists", "Exercise_InterfacesAndLists\Exercise_InterfacesAndLists.csproj", "{5B629BB1-D4AB-4E2C-8D48-813A931E256A}"
EndProject
Project("{2150E333-8FDC-42A3-9474-1A3956D46DE8}") = "Exercise_InheritanceGame", "Exercise_InheritanceGame", "{A9E55DBB-2ABB-41C6-A691-1F7D787224F6}"
EndProject
Project("{9A19103F-16F7-4668-BE54-9A1E7A4F7556}") = "Exercise_InheritanceGame", "Exercise_InheritanceGame\Exercise_InheritanceGame.csproj", "{4BA5C1C5-AA35-41A0-BAE6-A9F97EAADA0F}"
EndProject
Project("{9A19103F-16F7-4668-BE54-9A1E7A4F7556}") = "Exercise_InheritanceGame_GameLogic", "Exercise_InheritanceGame_GameLogic\Exercise_InheritanceGame_GameLogic.csproj", "{1F35F8D7-11E4-46FF-B042-1D22130E7557}"
EndProject
Project("{2150E333-8FDC-42A3-9474-1A3956D46DE8}") = "Exercise_AbstractVirtual", "Exercise_AbstractVirtual", "{37B7F625-37A6-4189-9113-C8B09C7D33B9}"
EndProject
Project("{9A19103F-16F7-4668-BE54-9A1E7A4F7556}") = "Exercise_AbstractVirtual", "Exercise_AbstractVirtual\Exercise_AbstractVirtual.csproj", "{B0EFC63A-FBE6-43CC-8CEE-8C7BAA9B4742}"
EndProject
Project("{2150E333-8FDC-42A3-9474-1A3956D46DE8}") = "Exercise_ControlFlow", "Exercise_ControlFlow", "{4267F0BA-8C56-45B3-BA1E-79EADF7D05B7}"
EndProject
Project("{9A19103F-16F7-4668-BE54-9A1E7A4F7556}") = "Exercise_ControlFlow", "Exercise_ControlFlow\Exercise_ControlFlow.csproj", "{7ACDB16F-B70F-4A84-BFD8-8338001F3529}"
EndProject
Project("{9A19103F-16F7-4668-BE54-9A1E7A4F7556}") = "Exercise_ControlFlow_Test", "Exercise_ControlFlow_Test\Exercise_ControlFlow_Test.csproj", "{3E81A795-EF69-4852-B268-F717E22D1D77}"
EndProject
Project("{2150E333-8FDC-42A3-9474-1A3956D46DE8}") = "Exercise_Generics", "Exercise_Generics", "{8C8E7006-6CE3-4369-9FF0-DA861C87C605}"
EndProject
Project("{9A19103F-16F7-4668-BE54-9A1E7A4F7556}") = "Exercise_Generics1", "Exercise_Generics1\Exercise_Generics1.csproj", "{4DB92C20-4CA4-49A4-9693-1E3C5FF13202}"
EndProject
Project("{9A19103F-16F7-4668-BE54-9A1E7A4F7556}") = "Exercise_Generics2_OrderedPairNonGeneric", "Exercise_Generics2_OrderedPairNonGeneric\Exercise_Generics2_OrderedPairNonGeneric.csproj", "{AE4112C3-3FEC-45DC-ADDD-56C6E921F193}"
EndProject
Project("{9A19103F-16F7-4668-BE54-9A1E7A4F7556}") = "Exercise_Generics3_OrderedPairGeneric", "Exercise_Generics3_OrderedPairGeneric\Exercise_Generics3_OrderedPairGeneric.csproj", "{BAECF319-A6D2-45DF-9197-6393FB7A7949}"
EndProject
Project("{2150E333-8FDC-42A3-9474-1A3956D46DE8}") = "Exercise_DelegatesAndSort", "Exercise_DelegatesAndSort", "{4107A73E-14F4-4B64-B176-3C25D2C4283E}"
EndProject
Project("{2150E333-8FDC-42A3-9474-1A3956D46DE8}") = "Exercise_LINQ", "Exercise_LINQ", "{F2B9FD3E-D109-4C24-B37F-89D9082F5AFF}"
EndProject
Project("{9A19103F-16F7-4668-BE54-9A1E7A4F7556}") = "Exercise_LINQ", "Exercise_LINQ\Exercise_LINQ.csproj", "{36C84143-3241-44C7-AE67-B6F15AA0A18A}"
EndProject
Project("{9A19103F-16F7-4668-BE54-9A1E7A4F7556}") = "Exercise_DelegatesAndSort_SortDelegate_Base", "Exercise_DelegatesAndSort_SortDelegate_Base\Exercise_DelegatesAndSort_SortDelegate_Base.csproj", "{2BA6A3B2-4FC6-46F3-99F3-EFCC60863254}"
EndProject
Project("{2150E333-8FDC-42A3-9474-1A3956D46DE8}") = "Exercise_DealingWithErrors", "Exercise_DealingWithErrors", "{52922E73-31CC-4E9F-A879-0277E6A5A777}"
EndProject
Project("{9A19103F-16F7-4668-BE54-9A1E7A4F7556}") = "Exercise_DebugAndTest_WeatherConsole", "Exercise_DebugAndTest_WeatherConsole\Exercise_DebugAndTest_WeatherConsole.csproj", "{A2618E5E-6FF4-4A7C-8642-31866B139C92}"
EndProject
Project("{9A19103F-16F7-4668-BE54-9A1E7A4F7556}") = "Exercise_DebugAndTest_Meteorology_Tests", "Exercise_DebugAndTest_Meteorology_Tests\Exercise_DebugAndTest_Meteorology_Tests.csproj", "{404072B6-2F82-45A1-A343-06115D0BF9FD}"
EndProject
Project("{9A19103F-16F7-4668-BE54-9A1E7A4F7556}") = "Exercise_DebugAndTest_Meteorology", "Exercise_DebugAndTest_Meteorology\Exercise_DebugAndTest_Meteorology.csproj", "{1692AE24-1FC3-41DA-AE66-70C1137DB53B}"
EndProject
Project("{2150E333-8FDC-42A3-9474-1A3956D46DE8}") = "Exercise_Async_Exercises", "Exercise_Async_Exercises", "{9A8ECBEC-27E6-4B70-A5FF-C035A98D75ED}"
EndProject
Project("{9A19103F-16F7-4668-BE54-9A1E7A4F7556}") = "Exercise_Async1", "Exercise_Async1\Exercise_Async1.csproj", "{F3B981C9-A91A-48D4-B488-F72FBA31DD7A}"
EndProject
Project("{9A19103F-16F7-4668-BE54-9A1E7A4F7556}") = "Exercise_Async2", "Exercise_Async2\Exercise_Async2.csproj", "{26FFCB6C-F89F-4F67-903B-F0BC35EDB05E}"
EndProject
Project("{2150E333-8FDC-42A3-9474-1A3956D46DE8}") = "Exercise_DatabaseFirst", "Exercise_DatabaseFirst", "{86D7BE32-B8F7-4A15-AFD2-DA3AB1A83134}"
EndProject
Project("{9A19103F-16F7-4668-BE54-9A1E7A4F7556}") = "Exercise_DatabaseFirst", "Exercise_DatabaseFirst\Exercise_DatabaseFirst.csproj", "{996AE838-FB24-4EFE-AD46-7921FAC3FF73}"
EndProject
Project("{2150E333-8FDC-42A3-9474-1A3956D46DE8}") = "Demo_GenericsApp", "Demo_GenericsApp", "{C9FD0D2C-F7E6-4507-9B7B-219BDF0C3FAC}"
EndProject
Project("{9A19103F-16F7-4668-BE54-9A1E7A4F7556}") = "Demo_GenericsApp", "Demo_GenericsApp\Demo_GenericsApp.csproj", "{126D5F76-50E9-4205-BCE5-DF858DC89C8A}"
EndProject
Project("{2150E333-8FDC-42A3-9474-1A3956D46DE8}") = "Demo_Delegates", "Demo_Delegates", "{02882ECB-C34F-48DD-9789-5B86709E84A9}"
EndProject
Project("{FAE04EC0-301F-11D3-BF4B-00C04F79EFBC}") = "Demo_DelegatesAndEvents", "Demo_Delegates\Demo_DelegatesAndEvents.csproj", "{A57CF12D-9CEB-461A-8616-81514C869E5D}"
EndProject
Global
	GlobalSection(SolutionConfigurationPlatforms) = preSolution
		Debug|Any CPU = Debug|Any CPU
		Release|Any CPU = Release|Any CPU
	EndGlobalSection
	GlobalSection(ProjectConfigurationPlatforms) = postSolution
		{DECAFD22-44ED-4738-B522-11327AC3846D}.Debug|Any CPU.ActiveCfg = Debug|Any CPU
		{DECAFD22-44ED-4738-B522-11327AC3846D}.Debug|Any CPU.Build.0 = Debug|Any CPU
		{DECAFD22-44ED-4738-B522-11327AC3846D}.Release|Any CPU.ActiveCfg = Release|Any CPU
		{DECAFD22-44ED-4738-B522-11327AC3846D}.Release|Any CPU.Build.0 = Release|Any CPU
		{CBEFB53E-F261-4792-B6C2-8A74CE79163F}.Debug|Any CPU.ActiveCfg = Debug|Any CPU
		{CBEFB53E-F261-4792-B6C2-8A74CE79163F}.Debug|Any CPU.Build.0 = Debug|Any CPU
		{CBEFB53E-F261-4792-B6C2-8A74CE79163F}.Release|Any CPU.ActiveCfg = Release|Any CPU
		{CBEFB53E-F261-4792-B6C2-8A74CE79163F}.Release|Any CPU.Build.0 = Release|Any CPU
		{02C3C579-3697-4067-83E4-62D7F7EE0F74}.Debug|Any CPU.ActiveCfg = Debug|Any CPU
		{02C3C579-3697-4067-83E4-62D7F7EE0F74}.Debug|Any CPU.Build.0 = Debug|Any CPU
		{02C3C579-3697-4067-83E4-62D7F7EE0F74}.Release|Any CPU.ActiveCfg = Release|Any CPU
		{02C3C579-3697-4067-83E4-62D7F7EE0F74}.Release|Any CPU.Build.0 = Release|Any CPU
		{103768AA-6631-4993-9E1B-7DDC0D92D97C}.Debug|Any CPU.ActiveCfg = Debug|Any CPU
		{103768AA-6631-4993-9E1B-7DDC0D92D97C}.Debug|Any CPU.Build.0 = Debug|Any CPU
		{103768AA-6631-4993-9E1B-7DDC0D92D97C}.Release|Any CPU.ActiveCfg = Release|Any CPU
		{103768AA-6631-4993-9E1B-7DDC0D92D97C}.Release|Any CPU.Build.0 = Release|Any CPU
		{B3DFAD63-7953-4BF2-827B-48B5E4CBA70E}.Debug|Any CPU.ActiveCfg = Debug|Any CPU
		{B3DFAD63-7953-4BF2-827B-48B5E4CBA70E}.Debug|Any CPU.Build.0 = Debug|Any CPU
		{B3DFAD63-7953-4BF2-827B-48B5E4CBA70E}.Release|Any CPU.ActiveCfg = Release|Any CPU
		{B3DFAD63-7953-4BF2-827B-48B5E4CBA70E}.Release|Any CPU.Build.0 = Release|Any CPU
		{12D9391D-BC68-4800-A8C9-53AB9A15DD43}.Debug|Any CPU.ActiveCfg = Debug|Any CPU
		{12D9391D-BC68-4800-A8C9-53AB9A15DD43}.Debug|Any CPU.Build.0 = Debug|Any CPU
		{12D9391D-BC68-4800-A8C9-53AB9A15DD43}.Release|Any CPU.ActiveCfg = Release|Any CPU
		{12D9391D-BC68-4800-A8C9-53AB9A15DD43}.Release|Any CPU.Build.0 = Release|Any CPU
		{EA17719C-5B94-4758-81D8-0B127B148422}.Debug|Any CPU.ActiveCfg = Debug|Any CPU
		{EA17719C-5B94-4758-81D8-0B127B148422}.Debug|Any CPU.Build.0 = Debug|Any CPU
		{EA17719C-5B94-4758-81D8-0B127B148422}.Release|Any CPU.ActiveCfg = Release|Any CPU
		{EA17719C-5B94-4758-81D8-0B127B148422}.Release|Any CPU.Build.0 = Release|Any CPU
		{55257590-54A8-4069-8318-1ED41F16D05A}.Debug|Any CPU.ActiveCfg = Debug|Any CPU
		{55257590-54A8-4069-8318-1ED41F16D05A}.Debug|Any CPU.Build.0 = Debug|Any CPU
		{55257590-54A8-4069-8318-1ED41F16D05A}.Release|Any CPU.ActiveCfg = Release|Any CPU
		{55257590-54A8-4069-8318-1ED41F16D05A}.Release|Any CPU.Build.0 = Release|Any CPU
		{0EE00C5F-C79D-4A11-AF69-1D9C3933F8D6}.Debug|Any CPU.ActiveCfg = Debug|Any CPU
		{0EE00C5F-C79D-4A11-AF69-1D9C3933F8D6}.Debug|Any CPU.Build.0 = Debug|Any CPU
		{0EE00C5F-C79D-4A11-AF69-1D9C3933F8D6}.Release|Any CPU.ActiveCfg = Release|Any CPU
		{0EE00C5F-C79D-4A11-AF69-1D9C3933F8D6}.Release|Any CPU.Build.0 = Release|Any CPU
		{0197A99E-990C-4DA8-9C36-ECE757361655}.Debug|Any CPU.ActiveCfg = Debug|Any CPU
		{0197A99E-990C-4DA8-9C36-ECE757361655}.Debug|Any CPU.Build.0 = Debug|Any CPU
		{0197A99E-990C-4DA8-9C36-ECE757361655}.Release|Any CPU.ActiveCfg = Release|Any CPU
		{0197A99E-990C-4DA8-9C36-ECE757361655}.Release|Any CPU.Build.0 = Release|Any CPU
		{BE5C4186-D0B1-40C0-B564-2B39F474795A}.Debug|Any CPU.ActiveCfg = Debug|Any CPU
		{BE5C4186-D0B1-40C0-B564-2B39F474795A}.Debug|Any CPU.Build.0 = Debug|Any CPU
		{BE5C4186-D0B1-40C0-B564-2B39F474795A}.Release|Any CPU.ActiveCfg = Release|Any CPU
		{BE5C4186-D0B1-40C0-B564-2B39F474795A}.Release|Any CPU.Build.0 = Release|Any CPU
		{7AC45D0C-FE78-4DC6-A679-41D8C098D9F7}.Debug|Any CPU.ActiveCfg = Debug|Any CPU
		{7AC45D0C-FE78-4DC6-A679-41D8C098D9F7}.Debug|Any CPU.Build.0 = Debug|Any CPU
		{7AC45D0C-FE78-4DC6-A679-41D8C098D9F7}.Release|Any CPU.ActiveCfg = Release|Any CPU
		{7AC45D0C-FE78-4DC6-A679-41D8C098D9F7}.Release|Any CPU.Build.0 = Release|Any CPU
		{3DB7BED1-20BD-4F01-B245-5949CBC5912E}.Debug|Any CPU.ActiveCfg = Debug|Any CPU
		{3DB7BED1-20BD-4F01-B245-5949CBC5912E}.Debug|Any CPU.Build.0 = Debug|Any CPU
		{3DB7BED1-20BD-4F01-B245-5949CBC5912E}.Release|Any CPU.ActiveCfg = Release|Any CPU
		{3DB7BED1-20BD-4F01-B245-5949CBC5912E}.Release|Any CPU.Build.0 = Release|Any CPU
		{48967DAB-8EBB-4D7D-BEA5-6CDF970BB632}.Debug|Any CPU.ActiveCfg = Debug|Any CPU
		{48967DAB-8EBB-4D7D-BEA5-6CDF970BB632}.Debug|Any CPU.Build.0 = Debug|Any CPU
		{48967DAB-8EBB-4D7D-BEA5-6CDF970BB632}.Release|Any CPU.ActiveCfg = Release|Any CPU
		{48967DAB-8EBB-4D7D-BEA5-6CDF970BB632}.Release|Any CPU.Build.0 = Release|Any CPU
		{30B6477F-2264-470B-9CEA-EF9BA117EFDC}.Debug|Any CPU.ActiveCfg = Debug|Any CPU
		{30B6477F-2264-470B-9CEA-EF9BA117EFDC}.Debug|Any CPU.Build.0 = Debug|Any CPU
		{30B6477F-2264-470B-9CEA-EF9BA117EFDC}.Release|Any CPU.ActiveCfg = Release|Any CPU
		{30B6477F-2264-470B-9CEA-EF9BA117EFDC}.Release|Any CPU.Build.0 = Release|Any CPU
		{65728FB9-A30A-484E-9DCD-CFD437C67674}.Debug|Any CPU.ActiveCfg = Debug|Any CPU
		{65728FB9-A30A-484E-9DCD-CFD437C67674}.Debug|Any CPU.Build.0 = Debug|Any CPU
		{65728FB9-A30A-484E-9DCD-CFD437C67674}.Release|Any CPU.ActiveCfg = Release|Any CPU
		{65728FB9-A30A-484E-9DCD-CFD437C67674}.Release|Any CPU.Build.0 = Release|Any CPU
		{B202A2BC-0382-4E77-BE91-75DC0CF25D55}.Debug|Any CPU.ActiveCfg = Debug|Any CPU
		{B202A2BC-0382-4E77-BE91-75DC0CF25D55}.Debug|Any CPU.Build.0 = Debug|Any CPU
		{B202A2BC-0382-4E77-BE91-75DC0CF25D55}.Release|Any CPU.ActiveCfg = Release|Any CPU
		{B202A2BC-0382-4E77-BE91-75DC0CF25D55}.Release|Any CPU.Build.0 = Release|Any CPU
		{472CBCEE-507E-425B-B01F-56AAFC6BEE69}.Debug|Any CPU.ActiveCfg = Debug|Any CPU
		{472CBCEE-507E-425B-B01F-56AAFC6BEE69}.Debug|Any CPU.Build.0 = Debug|Any CPU
		{472CBCEE-507E-425B-B01F-56AAFC6BEE69}.Release|Any CPU.ActiveCfg = Release|Any CPU
		{472CBCEE-507E-425B-B01F-56AAFC6BEE69}.Release|Any CPU.Build.0 = Release|Any CPU
		{945836BE-4D6F-4CF7-A5AE-0E1534F34D77}.Debug|Any CPU.ActiveCfg = Debug|Any CPU
		{945836BE-4D6F-4CF7-A5AE-0E1534F34D77}.Debug|Any CPU.Build.0 = Debug|Any CPU
		{945836BE-4D6F-4CF7-A5AE-0E1534F34D77}.Release|Any CPU.ActiveCfg = Release|Any CPU
		{945836BE-4D6F-4CF7-A5AE-0E1534F34D77}.Release|Any CPU.Build.0 = Release|Any CPU
		{5B629BB1-D4AB-4E2C-8D48-813A931E256A}.Debug|Any CPU.ActiveCfg = Debug|Any CPU
		{5B629BB1-D4AB-4E2C-8D48-813A931E256A}.Debug|Any CPU.Build.0 = Debug|Any CPU
		{5B629BB1-D4AB-4E2C-8D48-813A931E256A}.Release|Any CPU.ActiveCfg = Release|Any CPU
		{5B629BB1-D4AB-4E2C-8D48-813A931E256A}.Release|Any CPU.Build.0 = Release|Any CPU
		{4BA5C1C5-AA35-41A0-BAE6-A9F97EAADA0F}.Debug|Any CPU.ActiveCfg = Debug|Any CPU
		{4BA5C1C5-AA35-41A0-BAE6-A9F97EAADA0F}.Debug|Any CPU.Build.0 = Debug|Any CPU
		{4BA5C1C5-AA35-41A0-BAE6-A9F97EAADA0F}.Release|Any CPU.ActiveCfg = Release|Any CPU
		{4BA5C1C5-AA35-41A0-BAE6-A9F97EAADA0F}.Release|Any CPU.Build.0 = Release|Any CPU
		{1F35F8D7-11E4-46FF-B042-1D22130E7557}.Debug|Any CPU.ActiveCfg = Debug|Any CPU
		{1F35F8D7-11E4-46FF-B042-1D22130E7557}.Debug|Any CPU.Build.0 = Debug|Any CPU
		{1F35F8D7-11E4-46FF-B042-1D22130E7557}.Release|Any CPU.ActiveCfg = Release|Any CPU
		{1F35F8D7-11E4-46FF-B042-1D22130E7557}.Release|Any CPU.Build.0 = Release|Any CPU
		{B0EFC63A-FBE6-43CC-8CEE-8C7BAA9B4742}.Debug|Any CPU.ActiveCfg = Debug|Any CPU
		{B0EFC63A-FBE6-43CC-8CEE-8C7BAA9B4742}.Debug|Any CPU.Build.0 = Debug|Any CPU
		{B0EFC63A-FBE6-43CC-8CEE-8C7BAA9B4742}.Release|Any CPU.ActiveCfg = Release|Any CPU
		{B0EFC63A-FBE6-43CC-8CEE-8C7BAA9B4742}.Release|Any CPU.Build.0 = Release|Any CPU
		{7ACDB16F-B70F-4A84-BFD8-8338001F3529}.Debug|Any CPU.ActiveCfg = Debug|Any CPU
		{7ACDB16F-B70F-4A84-BFD8-8338001F3529}.Debug|Any CPU.Build.0 = Debug|Any CPU
		{7ACDB16F-B70F-4A84-BFD8-8338001F3529}.Release|Any CPU.ActiveCfg = Release|Any CPU
		{7ACDB16F-B70F-4A84-BFD8-8338001F3529}.Release|Any CPU.Build.0 = Release|Any CPU
		{3E81A795-EF69-4852-B268-F717E22D1D77}.Debug|Any CPU.ActiveCfg = Debug|Any CPU
		{3E81A795-EF69-4852-B268-F717E22D1D77}.Debug|Any CPU.Build.0 = Debug|Any CPU
		{3E81A795-EF69-4852-B268-F717E22D1D77}.Release|Any CPU.ActiveCfg = Release|Any CPU
		{3E81A795-EF69-4852-B268-F717E22D1D77}.Release|Any CPU.Build.0 = Release|Any CPU
		{4DB92C20-4CA4-49A4-9693-1E3C5FF13202}.Debug|Any CPU.ActiveCfg = Debug|Any CPU
		{4DB92C20-4CA4-49A4-9693-1E3C5FF13202}.Debug|Any CPU.Build.0 = Debug|Any CPU
		{4DB92C20-4CA4-49A4-9693-1E3C5FF13202}.Release|Any CPU.ActiveCfg = Release|Any CPU
		{4DB92C20-4CA4-49A4-9693-1E3C5FF13202}.Release|Any CPU.Build.0 = Release|Any CPU
		{AE4112C3-3FEC-45DC-ADDD-56C6E921F193}.Debug|Any CPU.ActiveCfg = Debug|Any CPU
		{AE4112C3-3FEC-45DC-ADDD-56C6E921F193}.Debug|Any CPU.Build.0 = Debug|Any CPU
		{AE4112C3-3FEC-45DC-ADDD-56C6E921F193}.Release|Any CPU.ActiveCfg = Release|Any CPU
		{AE4112C3-3FEC-45DC-ADDD-56C6E921F193}.Release|Any CPU.Build.0 = Release|Any CPU
		{BAECF319-A6D2-45DF-9197-6393FB7A7949}.Debug|Any CPU.ActiveCfg = Debug|Any CPU
		{BAECF319-A6D2-45DF-9197-6393FB7A7949}.Debug|Any CPU.Build.0 = Debug|Any CPU
		{BAECF319-A6D2-45DF-9197-6393FB7A7949}.Release|Any CPU.ActiveCfg = Release|Any CPU
		{BAECF319-A6D2-45DF-9197-6393FB7A7949}.Release|Any CPU.Build.0 = Release|Any CPU
		{36C84143-3241-44C7-AE67-B6F15AA0A18A}.Debug|Any CPU.ActiveCfg = Debug|Any CPU
		{36C84143-3241-44C7-AE67-B6F15AA0A18A}.Debug|Any CPU.Build.0 = Debug|Any CPU
		{36C84143-3241-44C7-AE67-B6F15AA0A18A}.Release|Any CPU.ActiveCfg = Release|Any CPU
		{36C84143-3241-44C7-AE67-B6F15AA0A18A}.Release|Any CPU.Build.0 = Release|Any CPU
		{2BA6A3B2-4FC6-46F3-99F3-EFCC60863254}.Debug|Any CPU.ActiveCfg = Debug|Any CPU
		{2BA6A3B2-4FC6-46F3-99F3-EFCC60863254}.Debug|Any CPU.Build.0 = Debug|Any CPU
		{2BA6A3B2-4FC6-46F3-99F3-EFCC60863254}.Release|Any CPU.ActiveCfg = Release|Any CPU
		{2BA6A3B2-4FC6-46F3-99F3-EFCC60863254}.Release|Any CPU.Build.0 = Release|Any CPU
		{A2618E5E-6FF4-4A7C-8642-31866B139C92}.Debug|Any CPU.ActiveCfg = Debug|Any CPU
		{A2618E5E-6FF4-4A7C-8642-31866B139C92}.Debug|Any CPU.Build.0 = Debug|Any CPU
		{A2618E5E-6FF4-4A7C-8642-31866B139C92}.Release|Any CPU.ActiveCfg = Release|Any CPU
		{A2618E5E-6FF4-4A7C-8642-31866B139C92}.Release|Any CPU.Build.0 = Release|Any CPU
		{404072B6-2F82-45A1-A343-06115D0BF9FD}.Debug|Any CPU.ActiveCfg = Debug|Any CPU
		{404072B6-2F82-45A1-A343-06115D0BF9FD}.Debug|Any CPU.Build.0 = Debug|Any CPU
		{404072B6-2F82-45A1-A343-06115D0BF9FD}.Release|Any CPU.ActiveCfg = Release|Any CPU
		{404072B6-2F82-45A1-A343-06115D0BF9FD}.Release|Any CPU.Build.0 = Release|Any CPU
		{1692AE24-1FC3-41DA-AE66-70C1137DB53B}.Debug|Any CPU.ActiveCfg = Debug|Any CPU
		{1692AE24-1FC3-41DA-AE66-70C1137DB53B}.Debug|Any CPU.Build.0 = Debug|Any CPU
		{1692AE24-1FC3-41DA-AE66-70C1137DB53B}.Release|Any CPU.ActiveCfg = Release|Any CPU
		{1692AE24-1FC3-41DA-AE66-70C1137DB53B}.Release|Any CPU.Build.0 = Release|Any CPU
		{F3B981C9-A91A-48D4-B488-F72FBA31DD7A}.Debug|Any CPU.ActiveCfg = Debug|Any CPU
		{F3B981C9-A91A-48D4-B488-F72FBA31DD7A}.Debug|Any CPU.Build.0 = Debug|Any CPU
		{F3B981C9-A91A-48D4-B488-F72FBA31DD7A}.Release|Any CPU.ActiveCfg = Release|Any CPU
		{F3B981C9-A91A-48D4-B488-F72FBA31DD7A}.Release|Any CPU.Build.0 = Release|Any CPU
		{26FFCB6C-F89F-4F67-903B-F0BC35EDB05E}.Debug|Any CPU.ActiveCfg = Debug|Any CPU
		{26FFCB6C-F89F-4F67-903B-F0BC35EDB05E}.Debug|Any CPU.Build.0 = Debug|Any CPU
		{26FFCB6C-F89F-4F67-903B-F0BC35EDB05E}.Release|Any CPU.ActiveCfg = Release|Any CPU
		{26FFCB6C-F89F-4F67-903B-F0BC35EDB05E}.Release|Any CPU.Build.0 = Release|Any CPU
		{996AE838-FB24-4EFE-AD46-7921FAC3FF73}.Debug|Any CPU.ActiveCfg = Debug|Any CPU
		{996AE838-FB24-4EFE-AD46-7921FAC3FF73}.Debug|Any CPU.Build.0 = Debug|Any CPU
		{996AE838-FB24-4EFE-AD46-7921FAC3FF73}.Release|Any CPU.ActiveCfg = Release|Any CPU
		{996AE838-FB24-4EFE-AD46-7921FAC3FF73}.Release|Any CPU.Build.0 = Release|Any CPU
		{126D5F76-50E9-4205-BCE5-DF858DC89C8A}.Debug|Any CPU.ActiveCfg = Debug|Any CPU
		{126D5F76-50E9-4205-BCE5-DF858DC89C8A}.Debug|Any CPU.Build.0 = Debug|Any CPU
		{126D5F76-50E9-4205-BCE5-DF858DC89C8A}.Release|Any CPU.ActiveCfg = Release|Any CPU
		{126D5F76-50E9-4205-BCE5-DF858DC89C8A}.Release|Any CPU.Build.0 = Release|Any CPU
		{A57CF12D-9CEB-461A-8616-81514C869E5D}.Debug|Any CPU.ActiveCfg = Debug|Any CPU
		{A57CF12D-9CEB-461A-8616-81514C869E5D}.Debug|Any CPU.Build.0 = Debug|Any CPU
		{A57CF12D-9CEB-461A-8616-81514C869E5D}.Release|Any CPU.ActiveCfg = Release|Any CPU
		{A57CF12D-9CEB-461A-8616-81514C869E5D}.Release|Any CPU.Build.0 = Release|Any CPU
	EndGlobalSection
	GlobalSection(SolutionProperties) = preSolution
		HideSolutionNode = FALSE
	EndGlobalSection
	GlobalSection(NestedProjects) = preSolution
		{DECAFD22-44ED-4738-B522-11327AC3846D} = {7C8FF79F-B773-47CB-8FCB-2C5E0FB6CAF9}
		{CBEFB53E-F261-4792-B6C2-8A74CE79163F} = {C8AE8CBD-5597-4F61-B399-141D219AB433}
		{02C3C579-3697-4067-83E4-62D7F7EE0F74} = {C8AE8CBD-5597-4F61-B399-141D219AB433}
		{103768AA-6631-4993-9E1B-7DDC0D92D97C} = {EF2C4BDD-4D5B-4CEE-B605-9F5E15207780}
		{B3DFAD63-7953-4BF2-827B-48B5E4CBA70E} = {EF2C4BDD-4D5B-4CEE-B605-9F5E15207780}
		{12D9391D-BC68-4800-A8C9-53AB9A15DD43} = {AF64742F-412F-4522-9F67-FB5162A10EE2}
		{EA17719C-5B94-4758-81D8-0B127B148422} = {FFB55228-F9AD-4DD2-B65E-85FD435FBC16}
		{55257590-54A8-4069-8318-1ED41F16D05A} = {C8AE8CBD-5597-4F61-B399-141D219AB433}
		{0EE00C5F-C79D-4A11-AF69-1D9C3933F8D6} = {70A0E04A-3B4C-4B76-BB71-4CCB3479E714}
		{0197A99E-990C-4DA8-9C36-ECE757361655} = {70A0E04A-3B4C-4B76-BB71-4CCB3479E714}
		{BE5C4186-D0B1-40C0-B564-2B39F474795A} = {70A0E04A-3B4C-4B76-BB71-4CCB3479E714}
		{7AC45D0C-FE78-4DC6-A679-41D8C098D9F7} = {70A0E04A-3B4C-4B76-BB71-4CCB3479E714}
		{3DB7BED1-20BD-4F01-B245-5949CBC5912E} = {6B197283-457C-43DD-9E60-A1785C78405A}
		{48967DAB-8EBB-4D7D-BEA5-6CDF970BB632} = {6B197283-457C-43DD-9E60-A1785C78405A}
		{30B6477F-2264-470B-9CEA-EF9BA117EFDC} = {69DF2E8A-F41B-4E57-88A4-4696DA534740}
		{65728FB9-A30A-484E-9DCD-CFD437C67674} = {69DF2E8A-F41B-4E57-88A4-4696DA534740}
		{B202A2BC-0382-4E77-BE91-75DC0CF25D55} = {9E3C2EC6-718D-47D2-ABF9-83D669586CC1}
		{472CBCEE-507E-425B-B01F-56AAFC6BEE69} = {8D8E0062-4DBC-4FC9-976E-46C774854EB7}
		{945836BE-4D6F-4CF7-A5AE-0E1534F34D77} = {8D8E0062-4DBC-4FC9-976E-46C774854EB7}
		{5B629BB1-D4AB-4E2C-8D48-813A931E256A} = {12F242E6-828A-4200-B374-1B44D9404A55}
		{4BA5C1C5-AA35-41A0-BAE6-A9F97EAADA0F} = {A9E55DBB-2ABB-41C6-A691-1F7D787224F6}
		{1F35F8D7-11E4-46FF-B042-1D22130E7557} = {A9E55DBB-2ABB-41C6-A691-1F7D787224F6}
		{B0EFC63A-FBE6-43CC-8CEE-8C7BAA9B4742} = {37B7F625-37A6-4189-9113-C8B09C7D33B9}
		{7ACDB16F-B70F-4A84-BFD8-8338001F3529} = {4267F0BA-8C56-45B3-BA1E-79EADF7D05B7}
		{3E81A795-EF69-4852-B268-F717E22D1D77} = {4267F0BA-8C56-45B3-BA1E-79EADF7D05B7}
		{4DB92C20-4CA4-49A4-9693-1E3C5FF13202} = {8C8E7006-6CE3-4369-9FF0-DA861C87C605}
		{AE4112C3-3FEC-45DC-ADDD-56C6E921F193} = {8C8E7006-6CE3-4369-9FF0-DA861C87C605}
		{BAECF319-A6D2-45DF-9197-6393FB7A7949} = {8C8E7006-6CE3-4369-9FF0-DA861C87C605}
		{36C84143-3241-44C7-AE67-B6F15AA0A18A} = {F2B9FD3E-D109-4C24-B37F-89D9082F5AFF}
		{2BA6A3B2-4FC6-46F3-99F3-EFCC60863254} = {4107A73E-14F4-4B64-B176-3C25D2C4283E}
		{A2618E5E-6FF4-4A7C-8642-31866B139C92} = {52922E73-31CC-4E9F-A879-0277E6A5A777}
		{404072B6-2F82-45A1-A343-06115D0BF9FD} = {52922E73-31CC-4E9F-A879-0277E6A5A777}
		{1692AE24-1FC3-41DA-AE66-70C1137DB53B} = {52922E73-31CC-4E9F-A879-0277E6A5A777}
		{F3B981C9-A91A-48D4-B488-F72FBA31DD7A} = {9A8ECBEC-27E6-4B70-A5FF-C035A98D75ED}
		{26FFCB6C-F89F-4F67-903B-F0BC35EDB05E} = {9A8ECBEC-27E6-4B70-A5FF-C035A98D75ED}
		{996AE838-FB24-4EFE-AD46-7921FAC3FF73} = {86D7BE32-B8F7-4A15-AFD2-DA3AB1A83134}
		{126D5F76-50E9-4205-BCE5-DF858DC89C8A} = {C9FD0D2C-F7E6-4507-9B7B-219BDF0C3FAC}
		{A57CF12D-9CEB-461A-8616-81514C869E5D} = {02882ECB-C34F-48DD-9789-5B86709E84A9}
	EndGlobalSection
	GlobalSection(ExtensibilityGlobals) = postSolution
		SolutionGuid = {648BE6D2-74D1-4517-94AE-FF30B3A66797}
	EndGlobalSection
EndGlobal
